
Microsoft Visual Studio Solution File, Format Version 12.00
# Visual Studio Version 17
VisualStudioVersion = 17.13.35806.99 d17.13
MinimumVisualStudioVersion = 10.0.40219.1
Project("{FAE04EC0-301F-11D3-BF4B-00C04F79EFBC}") = "Uttt.Micro.Cupon", "Uttt.Micro.Cupon\Uttt.Micro.Cupon.csproj", "{13B7637B-0BFA-49E2-BA54-11A7EBB38003}"
EndProject
Global
	GlobalSection(SolutionConfigurationPlatforms) = preSolution
		Debug|Any CPU = Debug|Any CPU
		Release|Any CPU = Release|Any CPU
	EndGlobalSection
	GlobalSection(ProjectConfigurationPlatforms) = postSolution
		{13B7637B-0BFA-49E2-BA54-11A7EBB38003}.Debug|Any CPU.ActiveCfg = Debug|Any CPU
		{13B7637B-0BFA-49E2-BA54-11A7EBB38003}.Debug|Any CPU.Build.0 = Debug|Any CPU
		{13B7637B-0BFA-49E2-BA54-11A7EBB38003}.Release|Any CPU.ActiveCfg = Release|Any CPU
		{13B7637B-0BFA-49E2-BA54-11A7EBB38003}.Release|Any CPU.Build.0 = Release|Any CPU
	EndGlobalSection
	GlobalSection(SolutionProperties) = preSolution
		HideSolutionNode = FALSE
	EndGlobalSection
	GlobalSection(ExtensibilityGlobals) = postSolution
		SolutionGuid = {533AE360-F4D1-48CA-AF42-D6B0224532A8}
	EndGlobalSection
EndGlobal
